# This file is generated by running "yarn install" inside your project.
# Manual changes might be lost - proceed with caution!

__metadata:
  version: 8

"@porsche-design-system/patterns@workspace:.":
  version: 0.0.0-use.local
  resolution: "@porsche-design-system/patterns@workspace:."
  languageName: unknown
  linkType: soft
